// !$*UTF8*$!
{
	archiveVersion = 1;
	classes = {
	};
	objectVersion = 46;
	objects = {

/* Begin PBXBuildFile section */
		7CC99DC2197F0D0B003E26F0 /* Foundation.framework in Frameworks */ = {isa = PBXBuildFile; fileRef = 7CC99DC1197F0D0B003E26F0 /* Foundation.framework */; };
		7CC99DC4197F0D0B003E26F0 /* CoreGraphics.framework in Frameworks */ = {isa = PBXBuildFile; fileRef = 7CC99DC3197F0D0B003E26F0 /* CoreGraphics.framework */; };
		7CC99DC6197F0D0B003E26F0 /* UIKit.framework in Frameworks */ = {isa = PBXBuildFile; fileRef = 7CC99DC5197F0D0B003E26F0 /* UIKit.framework */; };
		7CC99DCC197F0D0B003E26F0 /* InfoPlist.strings in Resources */ = {isa = PBXBuildFile; fileRef = 7CC99DCA197F0D0B003E26F0 /* InfoPlist.strings */; };
		7CC99DCE197F0D0B003E26F0 /* main.m in Sources */ = {isa = PBXBuildFile; fileRef = 7CC99DCD197F0D0B003E26F0 /* main.m */; };
		7CC99DD2197F0D0B003E26F0 /* GCPAppDelegate.m in Sources */ = {isa = PBXBuildFile; fileRef = 7CC99DD1197F0D0B003E26F0 /* GCPAppDelegate.m */; };
		7CC99DD4197F0D0B003E26F0 /* Images.xcassets in Resources */ = {isa = PBXBuildFile; fileRef = 7CC99DD3197F0D0B003E26F0 /* Images.xcassets */; };
		7CC99DDB197F0D0B003E26F0 /* XCTest.framework in Frameworks */ = {isa = PBXBuildFile; fileRef = 7CC99DDA197F0D0B003E26F0 /* XCTest.framework */; };
		7CC99DDC197F0D0B003E26F0 /* Foundation.framework in Frameworks */ = {isa = PBXBuildFile; fileRef = 7CC99DC1197F0D0B003E26F0 /* Foundation.framework */; };
		7CC99DDD197F0D0B003E26F0 /* UIKit.framework in Frameworks */ = {isa = PBXBuildFile; fileRef = 7CC99DC5197F0D0B003E26F0 /* UIKit.framework */; };
		7CC99DE5197F0D0B003E26F0 /* InfoPlist.strings in Resources */ = {isa = PBXBuildFile; fileRef = 7CC99DE3197F0D0B003E26F0 /* InfoPlist.strings */; };
		7CC99DE7197F0D0B003E26F0 /* CampusTests.m in Sources */ = {isa = PBXBuildFile; fileRef = 7CC99DE6197F0D0B003E26F0 /* CampusTests.m */; };
		7CC99DF119802F68003E26F0 /* CoreBluetooth.framework in Frameworks */ = {isa = PBXBuildFile; fileRef = 7CC99DF019802F68003E26F0 /* CoreBluetooth.framework */; };
		7CC99DF319802F71003E26F0 /* CoreLocation.framework in Frameworks */ = {isa = PBXBuildFile; fileRef = 7CC99DF219802F71003E26F0 /* CoreLocation.framework */; };
		7CC99DF519802F7E003E26F0 /* CoreData.framework in Frameworks */ = {isa = PBXBuildFile; fileRef = 7CC99DF419802F7E003E26F0 /* CoreData.framework */; };
		7CC99DF719802F8A003E26F0 /* libz.dylib in Frameworks */ = {isa = PBXBuildFile; fileRef = 7CC99DF619802F8A003E26F0 /* libz.dylib */; };
		7CC99DF919802F93003E26F0 /* MapKit.framework in Frameworks */ = {isa = PBXBuildFile; fileRef = 7CC99DF819802F93003E26F0 /* MapKit.framework */; };
		7CC99DFB19802F9B003E26F0 /* Security.framework in Frameworks */ = {isa = PBXBuildFile; fileRef = 7CC99DFA19802F9B003E26F0 /* Security.framework */; };
		7CC99E0E198034E5003E26F0 /* Common.framework in Frameworks */ = {isa = PBXBuildFile; fileRef = 7CC99DFD198034E5003E26F0 /* Common.framework */; };
		7CC99E0F198034E5003E26F0 /* ContextCore.framework in Frameworks */ = {isa = PBXBuildFile; fileRef = 7CC99E00198034E5003E26F0 /* ContextCore.framework */; };
		7CC99E10198034E5003E26F0 /* ContextLocation.framework in Frameworks */ = {isa = PBXBuildFile; fileRef = 7CC99E03198034E5003E26F0 /* ContextLocation.framework */; };
		7CC99E11198034E5003E26F0 /* DataModels.bundle in Resources */ = {isa = PBXBuildFile; fileRef = 7CC99E05198034E5003E26F0 /* DataModels.bundle */; };
		7CC99E12198034E5003E26F0 /* ContextProfiling.framework in Frameworks */ = {isa = PBXBuildFile; fileRef = 7CC99E07198034E5003E26F0 /* ContextProfiling.framework */; };
		7CC99E13198034E6003E26F0 /* rules.txt in Resources */ = {isa = PBXBuildFile; fileRef = 7CC99E09198034E5003E26F0 /* rules.txt */; };
		7CC99E14198034E6003E26F0 /* FYX.framework in Frameworks */ = {isa = PBXBuildFile; fileRef = 7CC99E0A198034E5003E26F0 /* FYX.framework */; };
		7CC99E15198034E6003E26F0 /* NetworkServices.framework in Frameworks */ = {isa = PBXBuildFile; fileRef = 7CC99E0C198034E5003E26F0 /* NetworkServices.framework */; };
		7CC99E19198038F5003E26F0 /* GCPTempViewController.m in Sources */ = {isa = PBXBuildFile; fileRef = 7CC99E17198038F5003E26F0 /* GCPTempViewController.m */; };
		7CC99E1A198038F5003E26F0 /* GCPTempViewController.xib in Resources */ = {isa = PBXBuildFile; fileRef = 7CC99E18198038F5003E26F0 /* GCPTempViewController.xib */; };
/* End PBXBuildFile section */

/* Begin PBXContainerItemProxy section */
		7CC99DDE197F0D0B003E26F0 /* PBXContainerItemProxy */ = {
			isa = PBXContainerItemProxy;
			containerPortal = 7CC99DB6197F0D0B003E26F0 /* Project object */;
			proxyType = 1;
			remoteGlobalIDString = 7CC99DBD197F0D0B003E26F0;
			remoteInfo = Campus;
		};
/* End PBXContainerItemProxy section */

/* Begin PBXFileReference section */
		7CC99DBE197F0D0B003E26F0 /* Campus.app */ = {isa = PBXFileReference; explicitFileType = wrapper.application; includeInIndex = 0; path = Campus.app; sourceTree = BUILT_PRODUCTS_DIR; };
		7CC99DC1197F0D0B003E26F0 /* Foundation.framework */ = {isa = PBXFileReference; lastKnownFileType = wrapper.framework; name = Foundation.framework; path = System/Library/Frameworks/Foundation.framework; sourceTree = SDKROOT; };
		7CC99DC3197F0D0B003E26F0 /* CoreGraphics.framework */ = {isa = PBXFileReference; lastKnownFileType = wrapper.framework; name = CoreGraphics.framework; path = System/Library/Frameworks/CoreGraphics.framework; sourceTree = SDKROOT; };
		7CC99DC5197F0D0B003E26F0 /* UIKit.framework */ = {isa = PBXFileReference; lastKnownFileType = wrapper.framework; name = UIKit.framework; path = System/Library/Frameworks/UIKit.framework; sourceTree = SDKROOT; };
		7CC99DC9197F0D0B003E26F0 /* Campus-Info.plist */ = {isa = PBXFileReference; lastKnownFileType = text.plist.xml; path = "Campus-Info.plist"; sourceTree = "<group>"; };
		7CC99DCB197F0D0B003E26F0 /* en */ = {isa = PBXFileReference; lastKnownFileType = text.plist.strings; name = en; path = en.lproj/InfoPlist.strings; sourceTree = "<group>"; };
		7CC99DCD197F0D0B003E26F0 /* main.m */ = {isa = PBXFileReference; lastKnownFileType = sourcecode.c.objc; path = main.m; sourceTree = "<group>"; };
		7CC99DCF197F0D0B003E26F0 /* Campus-Prefix.pch */ = {isa = PBXFileReference; lastKnownFileType = sourcecode.c.h; path = "Campus-Prefix.pch"; sourceTree = "<group>"; };
		7CC99DD0197F0D0B003E26F0 /* GCPAppDelegate.h */ = {isa = PBXFileReference; lastKnownFileType = sourcecode.c.h; path = GCPAppDelegate.h; sourceTree = "<group>"; };
		7CC99DD1197F0D0B003E26F0 /* GCPAppDelegate.m */ = {isa = PBXFileReference; lastKnownFileType = sourcecode.c.objc; path = GCPAppDelegate.m; sourceTree = "<group>"; };
		7CC99DD3197F0D0B003E26F0 /* Images.xcassets */ = {isa = PBXFileReference; lastKnownFileType = folder.assetcatalog; path = Images.xcassets; sourceTree = "<group>"; };
		7CC99DD9197F0D0B003E26F0 /* CampusTests.xctest */ = {isa = PBXFileReference; explicitFileType = wrapper.cfbundle; includeInIndex = 0; path = CampusTests.xctest; sourceTree = BUILT_PRODUCTS_DIR; };
		7CC99DDA197F0D0B003E26F0 /* XCTest.framework */ = {isa = PBXFileReference; lastKnownFileType = wrapper.framework; name = XCTest.framework; path = Library/Frameworks/XCTest.framework; sourceTree = DEVELOPER_DIR; };
		7CC99DE2197F0D0B003E26F0 /* CampusTests-Info.plist */ = {isa = PBXFileReference; lastKnownFileType = text.plist.xml; path = "CampusTests-Info.plist"; sourceTree = "<group>"; };
		7CC99DE4197F0D0B003E26F0 /* en */ = {isa = PBXFileReference; lastKnownFileType = text.plist.strings; name = en; path = en.lproj/InfoPlist.strings; sourceTree = "<group>"; };
		7CC99DE6197F0D0B003E26F0 /* CampusTests.m */ = {isa = PBXFileReference; lastKnownFileType = sourcecode.c.objc; path = CampusTests.m; sourceTree = "<group>"; };
		7CC99DF019802F68003E26F0 /* CoreBluetooth.framework */ = {isa = PBXFileReference; lastKnownFileType = wrapper.framework; name = CoreBluetooth.framework; path = System/Library/Frameworks/CoreBluetooth.framework; sourceTree = SDKROOT; };
		7CC99DF219802F71003E26F0 /* CoreLocation.framework */ = {isa = PBXFileReference; lastKnownFileType = wrapper.framework; name = CoreLocation.framework; path = System/Library/Frameworks/CoreLocation.framework; sourceTree = SDKROOT; };
		7CC99DF419802F7E003E26F0 /* CoreData.framework */ = {isa = PBXFileReference; lastKnownFileType = wrapper.framework; name = CoreData.framework; path = System/Library/Frameworks/CoreData.framework; sourceTree = SDKROOT; };
		7CC99DF619802F8A003E26F0 /* libz.dylib */ = {isa = PBXFileReference; lastKnownFileType = "compiled.mach-o.dylib"; name = libz.dylib; path = usr/lib/libz.dylib; sourceTree = SDKROOT; };
		7CC99DF819802F93003E26F0 /* MapKit.framework */ = {isa = PBXFileReference; lastKnownFileType = wrapper.framework; name = MapKit.framework; path = System/Library/Frameworks/MapKit.framework; sourceTree = SDKROOT; };
		7CC99DFA19802F9B003E26F0 /* Security.framework */ = {isa = PBXFileReference; lastKnownFileType = wrapper.framework; name = Security.framework; path = System/Library/Frameworks/Security.framework; sourceTree = SDKROOT; };
		7CC99DFD198034E5003E26F0 /* Common.framework */ = {isa = PBXFileReference; lastKnownFileType = wrapper.framework; path = Common.framework; sourceTree = "<group>"; };
		7CC99E00198034E5003E26F0 /* ContextCore.framework */ = {isa = PBXFileReference; lastKnownFileType = wrapper.framework; path = ContextCore.framework; sourceTree = "<group>"; };
		7CC99E03198034E5003E26F0 /* ContextLocation.framework */ = {isa = PBXFileReference; lastKnownFileType = wrapper.framework; path = ContextLocation.framework; sourceTree = "<group>"; };
		7CC99E05198034E5003E26F0 /* DataModels.bundle */ = {isa = PBXFileReference; lastKnownFileType = "wrapper.plug-in"; path = DataModels.bundle; sourceTree = "<group>"; };
		7CC99E07198034E5003E26F0 /* ContextProfiling.framework */ = {isa = PBXFileReference; lastKnownFileType = wrapper.framework; path = ContextProfiling.framework; sourceTree = "<group>"; };
		7CC99E09198034E5003E26F0 /* rules.txt */ = {isa = PBXFileReference; fileEncoding = 4; lastKnownFileType = text; path = rules.txt; sourceTree = "<group>"; };
		7CC99E0A198034E5003E26F0 /* FYX.framework */ = {isa = PBXFileReference; lastKnownFileType = wrapper.framework; path = FYX.framework; sourceTree = "<group>"; };
		7CC99E0C198034E5003E26F0 /* NetworkServices.framework */ = {isa = PBXFileReference; lastKnownFileType = wrapper.framework; path = NetworkServices.framework; sourceTree = "<group>"; };
		7CC99E16198038F5003E26F0 /* GCPTempViewController.h */ = {isa = PBXFileReference; fileEncoding = 4; lastKnownFileType = sourcecode.c.h; path = GCPTempViewController.h; sourceTree = "<group>"; };
		7CC99E17198038F5003E26F0 /* GCPTempViewController.m */ = {isa = PBXFileReference; fileEncoding = 4; lastKnownFileType = sourcecode.c.objc; path = GCPTempViewController.m; sourceTree = "<group>"; };
		7CC99E18198038F5003E26F0 /* GCPTempViewController.xib */ = {isa = PBXFileReference; fileEncoding = 4; lastKnownFileType = file.xib; path = GCPTempViewController.xib; sourceTree = "<group>"; };
/* End PBXFileReference section */

/* Begin PBXFrameworksBuildPhase section */
		7CC99DBB197F0D0B003E26F0 /* Frameworks */ = {
			isa = PBXFrameworksBuildPhase;
			buildActionMask = 2147483647;
			files = (
				7CC99DFB19802F9B003E26F0 /* Security.framework in Frameworks */,
				7CC99E15198034E6003E26F0 /* NetworkServices.framework in Frameworks */,
				7CC99DF919802F93003E26F0 /* MapKit.framework in Frameworks */,
				7CC99DF719802F8A003E26F0 /* libz.dylib in Frameworks */,
				7CC99E10198034E5003E26F0 /* ContextLocation.framework in Frameworks */,
				7CC99E14198034E6003E26F0 /* FYX.framework in Frameworks */,
				7CC99DF519802F7E003E26F0 /* CoreData.framework in Frameworks */,
				7CC99E0F198034E5003E26F0 /* ContextCore.framework in Frameworks */,
				7CC99DF319802F71003E26F0 /* CoreLocation.framework in Frameworks */,
				7CC99DF119802F68003E26F0 /* CoreBluetooth.framework in Frameworks */,
				7CC99DC4197F0D0B003E26F0 /* CoreGraphics.framework in Frameworks */,
				7CC99E12198034E5003E26F0 /* ContextProfiling.framework in Frameworks */,
				7CC99E0E198034E5003E26F0 /* Common.framework in Frameworks */,
				7CC99DC6197F0D0B003E26F0 /* UIKit.framework in Frameworks */,
				7CC99DC2197F0D0B003E26F0 /* Foundation.framework in Frameworks */,
			);
			runOnlyForDeploymentPostprocessing = 0;
		};
		7CC99DD6197F0D0B003E26F0 /* Frameworks */ = {
			isa = PBXFrameworksBuildPhase;
			buildActionMask = 2147483647;
			files = (
				7CC99DDB197F0D0B003E26F0 /* XCTest.framework in Frameworks */,
				7CC99DDD197F0D0B003E26F0 /* UIKit.framework in Frameworks */,
				7CC99DDC197F0D0B003E26F0 /* Foundation.framework in Frameworks */,
			);
			runOnlyForDeploymentPostprocessing = 0;
		};
/* End PBXFrameworksBuildPhase section */

/* Begin PBXGroup section */
		7CC99DB5197F0D0B003E26F0 = {
			isa = PBXGroup;
			children = (
				7CC99DC7197F0D0B003E26F0 /* Campus */,
				7CC99DE0197F0D0B003E26F0 /* CampusTests */,
				7CC99DC0197F0D0B003E26F0 /* Frameworks */,
				7CC99DBF197F0D0B003E26F0 /* Products */,
			);
			sourceTree = "<group>";
		};
		7CC99DBF197F0D0B003E26F0 /* Products */ = {
			isa = PBXGroup;
			children = (
				7CC99DBE197F0D0B003E26F0 /* Campus.app */,
				7CC99DD9197F0D0B003E26F0 /* CampusTests.xctest */,
			);
			name = Products;
			sourceTree = "<group>";
		};
		7CC99DC0197F0D0B003E26F0 /* Frameworks */ = {
			isa = PBXGroup;
			children = (
				7CC99DFC198034E5003E26F0 /* Common.embeddedframework */,
				7CC99DFF198034E5003E26F0 /* ContextCore.embeddedframework */,
				7CC99E02198034E5003E26F0 /* ContextLocation.embeddedframework */,
				7CC99E06198034E5003E26F0 /* ContextProfiling.embeddedframework */,
				7CC99E0A198034E5003E26F0 /* FYX.framework */,
				7CC99E0B198034E5003E26F0 /* NetworkServices.embeddedframework */,
				7CC99DFA19802F9B003E26F0 /* Security.framework */,
				7CC99DF819802F93003E26F0 /* MapKit.framework */,
				7CC99DF619802F8A003E26F0 /* libz.dylib */,
				7CC99DF419802F7E003E26F0 /* CoreData.framework */,
				7CC99DF219802F71003E26F0 /* CoreLocation.framework */,
				7CC99DF019802F68003E26F0 /* CoreBluetooth.framework */,
				7CC99DC1197F0D0B003E26F0 /* Foundation.framework */,
				7CC99DC3197F0D0B003E26F0 /* CoreGraphics.framework */,
				7CC99DC5197F0D0B003E26F0 /* UIKit.framework */,
				7CC99DDA197F0D0B003E26F0 /* XCTest.framework */,
			);
			name = Frameworks;
			sourceTree = "<group>";
		};
		7CC99DC7197F0D0B003E26F0 /* Campus */ = {
			isa = PBXGroup;
			children = (
				7CC99DD0197F0D0B003E26F0 /* GCPAppDelegate.h */,
				7CC99DD1197F0D0B003E26F0 /* GCPAppDelegate.m */,
				7CC99E16198038F5003E26F0 /* GCPTempViewController.h */,
				7CC99E17198038F5003E26F0 /* GCPTempViewController.m */,
				7CC99E18198038F5003E26F0 /* GCPTempViewController.xib */,
				7CC99DD3197F0D0B003E26F0 /* Images.xcassets */,
				7CC99DC8197F0D0B003E26F0 /* Supporting Files */,
			);
			path = Campus;
			sourceTree = "<group>";
		};
		7CC99DC8197F0D0B003E26F0 /* Supporting Files */ = {
			isa = PBXGroup;
			children = (
				7CC99DC9197F0D0B003E26F0 /* Campus-Info.plist */,
				7CC99DCA197F0D0B003E26F0 /* InfoPlist.strings */,
				7CC99DCD197F0D0B003E26F0 /* main.m */,
				7CC99DCF197F0D0B003E26F0 /* Campus-Prefix.pch */,
			);
			name = "Supporting Files";
			sourceTree = "<group>";
		};
		7CC99DE0197F0D0B003E26F0 /* CampusTests */ = {
			isa = PBXGroup;
			children = (
				7CC99DE6197F0D0B003E26F0 /* CampusTests.m */,
				7CC99DE1197F0D0B003E26F0 /* Supporting Files */,
			);
			path = CampusTests;
			sourceTree = "<group>";
		};
		7CC99DE1197F0D0B003E26F0 /* Supporting Files */ = {
			isa = PBXGroup;
			children = (
				7CC99DE2197F0D0B003E26F0 /* CampusTests-Info.plist */,
				7CC99DE3197F0D0B003E26F0 /* InfoPlist.strings */,
			);
			name = "Supporting Files";
			sourceTree = "<group>";
		};
		7CC99DFC198034E5003E26F0 /* Common.embeddedframework */ = {
			isa = PBXGroup;
			children = (
				7CC99DFD198034E5003E26F0 /* Common.framework */,
				7CC99DFE198034E5003E26F0 /* Resources */,
			);
			path = Common.embeddedframework;
			sourceTree = "<group>";
		};
		7CC99DFE198034E5003E26F0 /* Resources */ = {
			isa = PBXGroup;
			children = (
			);
			path = Resources;
			sourceTree = "<group>";
		};
		7CC99DFF198034E5003E26F0 /* ContextCore.embeddedframework */ = {
			isa = PBXGroup;
			children = (
				7CC99E00198034E5003E26F0 /* ContextCore.framework */,
				7CC99E01198034E5003E26F0 /* Resources */,
			);
			path = ContextCore.embeddedframework;
			sourceTree = "<group>";
		};
		7CC99E01198034E5003E26F0 /* Resources */ = {
			isa = PBXGroup;
			children = (
			);
			path = Resources;
			sourceTree = "<group>";
		};
		7CC99E02198034E5003E26F0 /* ContextLocation.embeddedframework */ = {
			isa = PBXGroup;
			children = (
				7CC99E03198034E5003E26F0 /* ContextLocation.framework */,
				7CC99E04198034E5003E26F0 /* Resources */,
			);
			path = ContextLocation.embeddedframework;
			sourceTree = "<group>";
		};
		7CC99E04198034E5003E26F0 /* Resources */ = {
			isa = PBXGroup;
			children = (
				7CC99E05198034E5003E26F0 /* DataModels.bundle */,
			);
			path = Resources;
			sourceTree = "<group>";
		};
		7CC99E06198034E5003E26F0 /* ContextProfiling.embeddedframework */ = {
			isa = PBXGroup;
			children = (
				7CC99E07198034E5003E26F0 /* ContextProfiling.framework */,
				7CC99E08198034E5003E26F0 /* Resources */,
			);
			path = ContextProfiling.embeddedframework;
			sourceTree = "<group>";
		};
		7CC99E08198034E5003E26F0 /* Resources */ = {
			isa = PBXGroup;
			children = (
				7CC99E09198034E5003E26F0 /* rules.txt */,
			);
			path = Resources;
			sourceTree = "<group>";
		};
		7CC99E0B198034E5003E26F0 /* NetworkServices.embeddedframework */ = {
			isa = PBXGroup;
			children = (
				7CC99E0C198034E5003E26F0 /* NetworkServices.framework */,
				7CC99E0D198034E5003E26F0 /* Resources */,
			);
			path = NetworkServices.embeddedframework;
			sourceTree = "<group>";
		};
		7CC99E0D198034E5003E26F0 /* Resources */ = {
			isa = PBXGroup;
			children = (
			);
			path = Resources;
			sourceTree = "<group>";
		};
/* End PBXGroup section */

/* Begin PBXNativeTarget section */
		7CC99DBD197F0D0B003E26F0 /* Campus */ = {
			isa = PBXNativeTarget;
			buildConfigurationList = 7CC99DEA197F0D0C003E26F0 /* Build configuration list for PBXNativeTarget "Campus" */;
			buildPhases = (
				7CC99DBA197F0D0B003E26F0 /* Sources */,
				7CC99DBB197F0D0B003E26F0 /* Frameworks */,
				7CC99DBC197F0D0B003E26F0 /* Resources */,
			);
			buildRules = (
			);
			dependencies = (
			);
			name = Campus;
			productName = Campus;
			productReference = 7CC99DBE197F0D0B003E26F0 /* Campus.app */;
			productType = "com.apple.product-type.application";
		};
		7CC99DD8197F0D0B003E26F0 /* CampusTests */ = {
			isa = PBXNativeTarget;
			buildConfigurationList = 7CC99DED197F0D0C003E26F0 /* Build configuration list for PBXNativeTarget "CampusTests" */;
			buildPhases = (
				7CC99DD5197F0D0B003E26F0 /* Sources */,
				7CC99DD6197F0D0B003E26F0 /* Frameworks */,
				7CC99DD7197F0D0B003E26F0 /* Resources */,
			);
			buildRules = (
			);
			dependencies = (
				7CC99DDF197F0D0B003E26F0 /* PBXTargetDependency */,
			);
			name = CampusTests;
			productName = CampusTests;
			productReference = 7CC99DD9197F0D0B003E26F0 /* CampusTests.xctest */;
			productType = "com.apple.product-type.bundle.unit-test";
		};
/* End PBXNativeTarget section */

/* Begin PBXProject section */
		7CC99DB6197F0D0B003E26F0 /* Project object */ = {
			isa = PBXProject;
			attributes = {
				CLASSPREFIX = GCP;
				LastUpgradeCheck = 0510;
				ORGANIZATIONNAME = "Hatchery Lab, LLC";
				TargetAttributes = {
					7CC99DBD197F0D0B003E26F0 = {
						SystemCapabilities = {
							com.apple.BackgroundModes = {
								enabled = 1;
							};
						};
					};
					7CC99DD8197F0D0B003E26F0 = {
						TestTargetID = 7CC99DBD197F0D0B003E26F0;
					};
				};
			};
			buildConfigurationList = 7CC99DB9197F0D0B003E26F0 /* Build configuration list for PBXProject "Campus" */;
			compatibilityVersion = "Xcode 3.2";
			developmentRegion = English;
			hasScannedForEncodings = 0;
			knownRegions = (
				en,
			);
			mainGroup = 7CC99DB5197F0D0B003E26F0;
			productRefGroup = 7CC99DBF197F0D0B003E26F0 /* Products */;
			projectDirPath = "";
			projectRoot = "";
			targets = (
				7CC99DBD197F0D0B003E26F0 /* Campus */,
				7CC99DD8197F0D0B003E26F0 /* CampusTests */,
			);
		};
/* End PBXProject section */

/* Begin PBXResourcesBuildPhase section */
		7CC99DBC197F0D0B003E26F0 /* Resources */ = {
			isa = PBXResourcesBuildPhase;
			buildActionMask = 2147483647;
			files = (
				7CC99DCC197F0D0B003E26F0 /* InfoPlist.strings in Resources */,
				7CC99E1A198038F5003E26F0 /* GCPTempViewController.xib in Resources */,
				7CC99DD4197F0D0B003E26F0 /* Images.xcassets in Resources */,
				7CC99E13198034E6003E26F0 /* rules.txt in Resources */,
				7CC99E11198034E5003E26F0 /* DataModels.bundle in Resources */,
			);
			runOnlyForDeploymentPostprocessing = 0;
		};
		7CC99DD7197F0D0B003E26F0 /* Resources */ = {
			isa = PBXResourcesBuildPhase;
			buildActionMask = 2147483647;
			files = (
				7CC99DE5197F0D0B003E26F0 /* InfoPlist.strings in Resources */,
			);
			runOnlyForDeploymentPostprocessing = 0;
		};
/* End PBXResourcesBuildPhase section */

/* Begin PBXSourcesBuildPhase section */
		7CC99DBA197F0D0B003E26F0 /* Sources */ = {
			isa = PBXSourcesBuildPhase;
			buildActionMask = 2147483647;
			files = (
				7CC99E19198038F5003E26F0 /* GCPTempViewController.m in Sources */,
				7CC99DCE197F0D0B003E26F0 /* main.m in Sources */,
				7CC99DD2197F0D0B003E26F0 /* GCPAppDelegate.m in Sources */,
			);
			runOnlyForDeploymentPostprocessing = 0;
		};
		7CC99DD5197F0D0B003E26F0 /* Sources */ = {
			isa = PBXSourcesBuildPhase;
			buildActionMask = 2147483647;
			files = (
				7CC99DE7197F0D0B003E26F0 /* CampusTests.m in Sources */,
			);
			runOnlyForDeploymentPostprocessing = 0;
		};
/* End PBXSourcesBuildPhase section */

/* Begin PBXTargetDependency section */
		7CC99DDF197F0D0B003E26F0 /* PBXTargetDependency */ = {
			isa = PBXTargetDependency;
			target = 7CC99DBD197F0D0B003E26F0 /* Campus */;
			targetProxy = 7CC99DDE197F0D0B003E26F0 /* PBXContainerItemProxy */;
		};
/* End PBXTargetDependency section */

/* Begin PBXVariantGroup section */
		7CC99DCA197F0D0B003E26F0 /* InfoPlist.strings */ = {
			isa = PBXVariantGroup;
			children = (
				7CC99DCB197F0D0B003E26F0 /* en */,
			);
			name = InfoPlist.strings;
			sourceTree = "<group>";
		};
		7CC99DE3197F0D0B003E26F0 /* InfoPlist.strings */ = {
			isa = PBXVariantGroup;
			children = (
				7CC99DE4197F0D0B003E26F0 /* en */,
			);
			name = InfoPlist.strings;
			sourceTree = "<group>";
		};
/* End PBXVariantGroup section */

/* Begin XCBuildConfiguration section */
		7CC99DE8197F0D0C003E26F0 /* Debug */ = {
			isa = XCBuildConfiguration;
			buildSettings = {
				ALWAYS_SEARCH_USER_PATHS = NO;
				CLANG_CXX_LANGUAGE_STANDARD = "gnu++0x";
				CLANG_CXX_LIBRARY = "libc++";
				CLANG_ENABLE_MODULES = YES;
				CLANG_ENABLE_OBJC_ARC = YES;
				CLANG_WARN_BOOL_CONVERSION = YES;
				CLANG_WARN_CONSTANT_CONVERSION = YES;
				CLANG_WARN_DIRECT_OBJC_ISA_USAGE = YES_ERROR;
				CLANG_WARN_EMPTY_BODY = YES;
				CLANG_WARN_ENUM_CONVERSION = YES;
				CLANG_WARN_INT_CONVERSION = YES;
				CLANG_WARN_OBJC_ROOT_CLASS = YES_ERROR;
				CLANG_WARN__DUPLICATE_METHOD_MATCH = YES;
				"CODE_SIGN_IDENTITY[sdk=iphoneos*]" = "iPhone Developer";
				COPY_PHASE_STRIP = NO;
				GCC_C_LANGUAGE_STANDARD = gnu99;
				GCC_DYNAMIC_NO_PIC = NO;
				GCC_OPTIMIZATION_LEVEL = 0;
				GCC_PREPROCESSOR_DEFINITIONS = (
					"DEBUG=1",
					"$(inherited)",
				);
				GCC_SYMBOLS_PRIVATE_EXTERN = NO;
				GCC_WARN_64_TO_32_BIT_CONVERSION = YES;
				GCC_WARN_ABOUT_RETURN_TYPE = YES_ERROR;
				GCC_WARN_UNDECLARED_SELECTOR = YES;
				GCC_WARN_UNINITIALIZED_AUTOS = YES_AGGRESSIVE;
				GCC_WARN_UNUSED_FUNCTION = YES;
				GCC_WARN_UNUSED_VARIABLE = YES;
				IPHONEOS_DEPLOYMENT_TARGET = 7.0;
				ONLY_ACTIVE_ARCH = YES;
				SDKROOT = iphoneos;
			};
			name = Debug;
		};
		7CC99DE9197F0D0C003E26F0 /* Release */ = {
			isa = XCBuildConfiguration;
			buildSettings = {
				ALWAYS_SEARCH_USER_PATHS = NO;
				CLANG_CXX_LANGUAGE_STANDARD = "gnu++0x";
				CLANG_CXX_LIBRARY = "libc++";
				CLANG_ENABLE_MODULES = YES;
				CLANG_ENABLE_OBJC_ARC = YES;
				CLANG_WARN_BOOL_CONVERSION = YES;
				CLANG_WARN_CONSTANT_CONVERSION = YES;
				CLANG_WARN_DIRECT_OBJC_ISA_USAGE = YES_ERROR;
				CLANG_WARN_EMPTY_BODY = YES;
				CLANG_WARN_ENUM_CONVERSION = YES;
				CLANG_WARN_INT_CONVERSION = YES;
				CLANG_WARN_OBJC_ROOT_CLASS = YES_ERROR;
				CLANG_WARN__DUPLICATE_METHOD_MATCH = YES;
				"CODE_SIGN_IDENTITY[sdk=iphoneos*]" = "iPhone Developer";
				COPY_PHASE_STRIP = YES;
				ENABLE_NS_ASSERTIONS = NO;
				GCC_C_LANGUAGE_STANDARD = gnu99;
				GCC_WARN_64_TO_32_BIT_CONVERSION = YES;
				GCC_WARN_ABOUT_RETURN_TYPE = YES_ERROR;
				GCC_WARN_UNDECLARED_SELECTOR = YES;
				GCC_WARN_UNINITIALIZED_AUTOS = YES_AGGRESSIVE;
				GCC_WARN_UNUSED_FUNCTION = YES;
				GCC_WARN_UNUSED_VARIABLE = YES;
				IPHONEOS_DEPLOYMENT_TARGET = 7.0;
				SDKROOT = iphoneos;
				VALIDATE_PRODUCT = YES;
			};
			name = Release;
		};
		7CC99DEB197F0D0C003E26F0 /* Debug */ = {
			isa = XCBuildConfiguration;
			buildSettings = {
				ASSETCATALOG_COMPILER_APPICON_NAME = AppIcon;
				ASSETCATALOG_COMPILER_LAUNCHIMAGE_NAME = LaunchImage;
				FRAMEWORK_SEARCH_PATHS = (
					"$(inherited)",
					"$(PROJECT_DIR)/Common.embeddedframework",
					"$(PROJECT_DIR)/ContextCore.embeddedframework",
					"$(PROJECT_DIR)/ContextLocation.embeddedframework",
					"$(PROJECT_DIR)/ContextProfiling.embeddedframework",
					"$(PROJECT_DIR)",
					"$(PROJECT_DIR)/NetworkServices.embeddedframework",
				);
				GCC_PRECOMPILE_PREFIX_HEADER = YES;
				GCC_PREFIX_HEADER = "Campus/Campus-Prefix.pch";
				INFOPLIST_FILE = "Campus/Campus-Info.plist";
				PRODUCT_NAME = "$(TARGET_NAME)";
				WRAPPER_EXTENSION = app;
			};
			name = Debug;
		};
		7CC99DEC197F0D0C003E26F0 /* Release */ = {
			isa = XCBuildConfiguration;
			buildSettings = {
				ASSETCATALOG_COMPILER_APPICON_NAME = AppIcon;
				ASSETCATALOG_COMPILER_LAUNCHIMAGE_NAME = LaunchImage;
				FRAMEWORK_SEARCH_PATHS = (
					"$(inherited)",
					"$(PROJECT_DIR)/Common.embeddedframework",
					"$(PROJECT_DIR)/ContextCore.embeddedframework",
					"$(PROJECT_DIR)/ContextLocation.embeddedframework",
					"$(PROJECT_DIR)/ContextProfiling.embeddedframework",
					"$(PROJECT_DIR)",
					"$(PROJECT_DIR)/NetworkServices.embeddedframework",
				);
				GCC_PRECOMPILE_PREFIX_HEADER = YES;
				GCC_PREFIX_HEADER = "Campus/Campus-Prefix.pch";
				INFOPLIST_FILE = "Campus/Campus-Info.plist";
				PRODUCT_NAME = "$(TARGET_NAME)";
				WRAPPER_EXTENSION = app;
			};
			name = Release;
		};
		7CC99DEE197F0D0C003E26F0 /* Debug */ = {
			isa = XCBuildConfiguration;
			buildSettings = {
				BUNDLE_LOADER = "$(BUILT_PRODUCTS_DIR)/Campus.app/Campus";
				FRAMEWORK_SEARCH_PATHS = (
					"$(SDKROOT)/Developer/Library/Frameworks",
					"$(inherited)",
					"$(DEVELOPER_FRAMEWORKS_DIR)",
				);
				GCC_PRECOMPILE_PREFIX_HEADER = YES;
				GCC_PREFIX_HEADER = "Campus/Campus-Prefix.pch";
				GCC_PREPROCESSOR_DEFINITIONS = (
					"DEBUG=1",
					"$(inherited)",
				);
				INFOPLIST_FILE = "CampusTests/CampusTests-Info.plist";
				PRODUCT_NAME = "$(TARGET_NAME)";
				TEST_HOST = "$(BUNDLE_LOADER)";
				WRAPPER_EXTENSION = xctest;
			};
			name = Debug;
		};
		7CC99DEF197F0D0C003E26F0 /* Release */ = {
			isa = XCBuildConfiguration;
			buildSettings = {
				BUNDLE_LOADER = "$(BUILT_PRODUCTS_DIR)/Campus.app/Campus";
				FRAMEWORK_SEARCH_PATHS = (
					"$(SDKROOT)/Developer/Library/Frameworks",
					"$(inherited)",
					"$(DEVELOPER_FRAMEWORKS_DIR)",
				);
				GCC_PRECOMPILE_PREFIX_HEADER = YES;
				GCC_PREFIX_HEADER = "Campus/Campus-Prefix.pch";
				INFOPLIST_FILE = "CampusTests/CampusTests-Info.plist";
				PRODUCT_NAME = "$(TARGET_NAME)";
				TEST_HOST = "$(BUNDLE_LOADER)";
				WRAPPER_EXTENSION = xctest;
			};
			name = Release;
		};
/* End XCBuildConfiguration section */

/* Begin XCConfigurationList section */
		7CC99DB9197F0D0B003E26F0 /* Build configuration list for PBXProject "Campus" */ = {
			isa = XCConfigurationList;
			buildConfigurations = (
				7CC99DE8197F0D0C003E26F0 /* Debug */,
				7CC99DE9197F0D0C003E26F0 /* Release */,
			);
			defaultConfigurationIsVisible = 0;
			defaultConfigurationName = Release;
		};
		7CC99DEA197F0D0C003E26F0 /* Build configuration list for PBXNativeTarget "Campus" */ = {
			isa = XCConfigurationList;
			buildConfigurations = (
				7CC99DEB197F0D0C003E26F0 /* Debug */,
				7CC99DEC197F0D0C003E26F0 /* Release */,
			);
			defaultConfigurationIsVisible = 0;
			defaultConfigurationName = Release;
		};
		7CC99DED197F0D0C003E26F0 /* Build configuration list for PBXNativeTarget "CampusTests" */ = {
			isa = XCConfigurationList;
			buildConfigurations = (
				7CC99DEE197F0D0C003E26F0 /* Debug */,
				7CC99DEF197F0D0C003E26F0 /* Release */,
			);
			defaultConfigurationIsVisible = 0;
			defaultConfigurationName = Release;
		};
/* End XCConfigurationList section */
	};
	rootObject = 7CC99DB6197F0D0B003E26F0 /* Project object */;
}
